{
  "name": "rsvzuiun.github.io",
  "version": "0.1.0",
  "lockfileVersion": 3,
  "requires": true,
  "packages": {
    "": {
      "name": "rsvzuiun.github.io",
      "version": "0.1.0",
      "license": "MIT",
      "dependencies": {
        "form-storage": "github:rsvzuiun/form-storage",
        "katex": "^0.16.10",
        "sortable-tablesort": "^3.2.2"
      }
    },
    "node_modules/commander": {
      "version": "8.3.0",
      "resolved": "https://registry.npmjs.org/commander/-/commander-8.3.0.tgz",
      "integrity": "sha512-OkTL9umf+He2DZkUq8f8J9of7yL6RJKI24dVITBmNfZBmri9zYZQrKkuXiKhyfPSu8tUhnVBB1iKXevvnlR4Ww==",
      "engines": {
        "node": ">= 12"
      }
    },
    "node_modules/form-storage": {
      "version": "0.0.0",
      "resolved": "git+ssh://git@github.com/rsvzuiun/form-storage.git#fb759e4e423a793e65de9df51c8ecff2c2f15660"
    },
    "node_modules/katex": {
      "version": "0.16.10",
      "resolved": "https://registry.npmjs.org/katex/-/katex-0.16.10.tgz",
      "integrity": "sha512-ZiqaC04tp2O5utMsl2TEZTXxa6WSC4yo0fv5ML++D3QZv/vx2Mct0mTlRx3O+uUkjfuAgOkzsCmq5MiUEsDDdA==",
      "funding": [
        "https://opencollective.com/katex",
        "https://github.com/sponsors/katex"
      ],
      "dependencies": {
        "commander": "^8.3.0"
      },
      "bin": {
        "katex": "cli.js"
      }
    },
    "node_modules/sortable-tablesort": {
      "version": "3.2.2",
      "resolved": "https://registry.npmjs.org/sortable-tablesort/-/sortable-tablesort-3.2.2.tgz",
      "integrity": "sha512-rVjJoKhyk3wiLiEvMqtJYyJD2iDv+Wx9msSrAL7zcGZyYPztR4qH5pTXQTu0gSF+PqXkVekUlYx4mD79cr4UrQ=="
    }
  }
}
