{
  "name": "rsvzuiun.github.io",
  "version": "0.1.0",
  "lockfileVersion": 3,
  "requires": true,
  "packages": {
    "": {
      "name": "rsvzuiun.github.io",
      "version": "0.1.0",
      "license": "MIT",
      "dependencies": {
        "form-storage": "github:rsvzuiun/form-storage",
        "katex": "^0.16.21",
        "sortable-tablesort": "^4.0.1"
      }
    },
    "node_modules/commander": {
      "version": "8.3.0",
      "resolved": "https://registry.npmjs.org/commander/-/commander-8.3.0.tgz",
      "integrity": "sha512-OkTL9umf+He2DZkUq8f8J9of7yL6RJKI24dVITBmNfZBmri9zYZQrKkuXiKhyfPSu8tUhnVBB1iKXevvnlR4Ww==",
      "engines": {
        "node": ">= 12"
      }
    },
    "node_modules/form-storage": {
      "version": "0.0.0",
      "resolved": "git+ssh://git@github.com/rsvzuiun/form-storage.git#fb759e4e423a793e65de9df51c8ecff2c2f15660"
    },
    "node_modules/katex": {
      "version": "0.16.21",
      "resolved": "https://registry.npmjs.org/katex/-/katex-0.16.21.tgz",
      "integrity": "sha512-XvqR7FgOHtWupfMiigNzmh+MgUVmDGU2kXZm899ZkPfcuoPuFxyHmXsgATDpFZDAXCI8tvinaVcDo8PIIJSo4A==",
      "funding": [
        "https://opencollective.com/katex",
        "https://github.com/sponsors/katex"
      ],
      "dependencies": {
        "commander": "^8.3.0"
      },
      "bin": {
        "katex": "cli.js"
      }
    },
    "node_modules/sortable-tablesort": {
      "version": "4.0.1",
      "resolved": "https://registry.npmjs.org/sortable-tablesort/-/sortable-tablesort-4.0.1.tgz",
      "integrity": "sha512-Ud35CP/ZcnWLrhV2T2TRS9dOK2ZlAjvtBiT/m2+uJjQvZGcjLFK8EOONUuq1iSwaz36KRFXNqZpN4KBkc20wmg=="
    }
  }
}
