{
  "name": "rsvzuiun.github.io",
  "version": "0.1.0",
  "lockfileVersion": 3,
  "requires": true,
  "packages": {
    "": {
      "name": "rsvzuiun.github.io",
      "version": "0.1.0",
      "license": "MIT",
      "dependencies": {
        "form-storage": "github:rsvzuiun/form-storage",
        "katex": "^0.16.25",
        "sortable-tablesort": "^4.1.7"
      }
    },
    "node_modules/commander": {
      "version": "8.3.0",
      "resolved": "https://registry.npmjs.org/commander/-/commander-8.3.0.tgz",
      "integrity": "sha512-OkTL9umf+He2DZkUq8f8J9of7yL6RJKI24dVITBmNfZBmri9zYZQrKkuXiKhyfPSu8tUhnVBB1iKXevvnlR4Ww==",
      "engines": {
        "node": ">= 12"
      }
    },
    "node_modules/form-storage": {
      "version": "0.0.0",
      "resolved": "git+ssh://git@github.com/rsvzuiun/form-storage.git#2b3415963673274576b5cf9322c23b2841a66341",
      "integrity": "sha512-yAKyI8xKGb0X1dtJig2KfcB6BL58V9CYOX0ZrfiOxLTWIlv7JJuOhPGuIGdhk00JnVmr2YNbrygpAPj3wQxWjQ=="
    },
    "node_modules/katex": {
      "version": "0.16.25",
      "resolved": "https://registry.npmjs.org/katex/-/katex-0.16.25.tgz",
      "integrity": "sha512-woHRUZ/iF23GBP1dkDQMh1QBad9dmr8/PAwNA54VrSOVYgI12MAcE14TqnDdQOdzyEonGzMepYnqBMYdsoAr8Q==",
      "funding": [
        "https://opencollective.com/katex",
        "https://github.com/sponsors/katex"
      ],
      "license": "MIT",
      "dependencies": {
        "commander": "^8.3.0"
      },
      "bin": {
        "katex": "cli.js"
      }
    },
    "node_modules/sortable-tablesort": {
      "version": "4.1.7",
      "resolved": "https://registry.npmjs.org/sortable-tablesort/-/sortable-tablesort-4.1.7.tgz",
      "integrity": "sha512-0LX+ca57WjhQCUZjkz7q1XOS4gQ7QhaVgkz3kGPqXPule8oDB5rOCvbWMIAnT8ElLePTBWMQHce1hFP82Hm5HA==",
      "license": "Unlicense"
    }
  }
}
